
Microsoft Visual Studio Solution File, Format Version 12.00
# Visual Studio Version 17
VisualStudioVersion = 17.9.34728.123
MinimumVisualStudioVersion = 10.0.40219.1
Project("{FAE04EC0-301F-11D3-BF4B-00C04F79EFBC}") = "RabbitMq.Nuget", "RabbitMq.Nuget\RabbitMq.Nuget.csproj", "{C1537F93-57F3-4C9D-8BCC-8CB54BFFCD63}"
EndProject
Global
	GlobalSection(SolutionConfigurationPlatforms) = preSolution
		Debug|Any CPU = Debug|Any CPU
		Release|Any CPU = Release|Any CPU
	EndGlobalSection
	GlobalSection(ProjectConfigurationPlatforms) = postSolution
		{C1537F93-57F3-4C9D-8BCC-8CB54BFFCD63}.Debug|Any CPU.ActiveCfg = Debug|Any CPU
		{C1537F93-57F3-4C9D-8BCC-8CB54BFFCD63}.Debug|Any CPU.Build.0 = Debug|Any CPU
		{C1537F93-57F3-4C9D-8BCC-8CB54BFFCD63}.Release|Any CPU.ActiveCfg = Release|Any CPU
		{C1537F93-57F3-4C9D-8BCC-8CB54BFFCD63}.Release|Any CPU.Build.0 = Release|Any CPU
	EndGlobalSection
	GlobalSection(SolutionProperties) = preSolution
		HideSolutionNode = FALSE
	EndGlobalSection
	GlobalSection(ExtensibilityGlobals) = postSolution
		SolutionGuid = {B3BC4F30-B60B-4044-9635-B4953DC0D7F8}
	EndGlobalSection
EndGlobal
